// !$*UTF8*$!
{
	archiveVersion = 1;
	classes = {
	};
	objectVersion = 51;
	objects = {

/* Begin PBXBuildFile section */
		206CF8EA2409903F004F7CCB /* Pods_CarDirectory.framework in Frameworks */ = {isa = PBXBuildFile; fileRef = 31DB176C761FEAEAF288C6BB /* Pods_CarDirectory.framework */; };
		206CF8EB2409903F004F7CCB /* Pods_CarDirectory.framework in Embed Frameworks */ = {isa = PBXBuildFile; fileRef = 31DB176C761FEAEAF288C6BB /* Pods_CarDirectory.framework */; settings = {ATTRIBUTES = (CodeSignOnCopy, RemoveHeadersOnCopy, ); }; };
		206D4357240BEA6900B343A4 /* UITextField + Validation.swift in Sources */ = {isa = PBXBuildFile; fileRef = 206D4356240BEA6900B343A4 /* UITextField + Validation.swift */; };
		20801115240D5E6D00BCD4E4 /* UIViewControllerExtensions.swift in Sources */ = {isa = PBXBuildFile; fileRef = 20801114240D5E6D00BCD4E4 /* UIViewControllerExtensions.swift */; };
		2090128C24080279003B0F89 /* CarRecord.swift in Sources */ = {isa = PBXBuildFile; fileRef = 2090128B24080279003B0F89 /* CarRecord.swift */; };
		2090128E24080381003B0F89 /* DataBase.swift in Sources */ = {isa = PBXBuildFile; fileRef = 2090128D24080381003B0F89 /* DataBase.swift */; };
		20BFA63B24098F5B0010C340 /* (null) in Embed Frameworks */ = {isa = PBXBuildFile; settings = {ATTRIBUTES = (CodeSignOnCopy, RemoveHeadersOnCopy, ); }; };
		20D926E12407EAB6009DDA21 /* CarDetailsViewController.swift in Sources */ = {isa = PBXBuildFile; fileRef = 20D926E02407EAB6009DDA21 /* CarDetailsViewController.swift */; };
		20F635E02407C526002278F3 /* AppDelegate.swift in Sources */ = {isa = PBXBuildFile; fileRef = 20F635DF2407C526002278F3 /* AppDelegate.swift */; };
		20F635E42407C526002278F3 /* CarRecordsViewController.swift in Sources */ = {isa = PBXBuildFile; fileRef = 20F635E32407C526002278F3 /* CarRecordsViewController.swift */; };
		20F635E72407C526002278F3 /* Main.storyboard in Resources */ = {isa = PBXBuildFile; fileRef = 20F635E52407C526002278F3 /* Main.storyboard */; };
		20F635EC2407C527002278F3 /* Assets.xcassets in Resources */ = {isa = PBXBuildFile; fileRef = 20F635EB2407C527002278F3 /* Assets.xcassets */; };
		20F635EF2407C527002278F3 /* LaunchScreen.storyboard in Resources */ = {isa = PBXBuildFile; fileRef = 20F635ED2407C527002278F3 /* LaunchScreen.storyboard */; };
		20F635F92407D319002278F3 /* CarCell.swift in Sources */ = {isa = PBXBuildFile; fileRef = 20F635F82407D319002278F3 /* CarCell.swift */; };
/* End PBXBuildFile section */

/* Begin PBXCopyFilesBuildPhase section */
		20BFA63524098F540010C340 /* Embed Frameworks */ = {
			isa = PBXCopyFilesBuildPhase;
			buildActionMask = 2147483647;
			dstPath = "";
			dstSubfolderSpec = 10;
			files = (
				20BFA63B24098F5B0010C340 /* (null) in Embed Frameworks */,
				206CF8EB2409903F004F7CCB /* Pods_CarDirectory.framework in Embed Frameworks */,
			);
			name = "Embed Frameworks";
			runOnlyForDeploymentPostprocessing = 0;
		};
/* End PBXCopyFilesBuildPhase section */

/* Begin PBXFileReference section */
		206D4356240BEA6900B343A4 /* UITextField + Validation.swift */ = {isa = PBXFileReference; lastKnownFileType = sourcecode.swift; path = "UITextField + Validation.swift"; sourceTree = "<group>"; };
		20801114240D5E6D00BCD4E4 /* UIViewControllerExtensions.swift */ = {isa = PBXFileReference; lastKnownFileType = sourcecode.swift; path = UIViewControllerExtensions.swift; sourceTree = "<group>"; };
		2090128B24080279003B0F89 /* CarRecord.swift */ = {isa = PBXFileReference; lastKnownFileType = sourcecode.swift; path = CarRecord.swift; sourceTree = "<group>"; };
		2090128D24080381003B0F89 /* DataBase.swift */ = {isa = PBXFileReference; lastKnownFileType = sourcecode.swift; path = DataBase.swift; sourceTree = "<group>"; };
		20BFA62724098E950010C340 /* Realm.framework */ = {isa = PBXFileReference; explicitFileType = wrapper.framework; path = Realm.framework; sourceTree = BUILT_PRODUCTS_DIR; };
		20BFA62B24098E970010C340 /* RealmSwift.framework */ = {isa = PBXFileReference; explicitFileType = wrapper.framework; path = RealmSwift.framework; sourceTree = BUILT_PRODUCTS_DIR; };
		20BFA62E24098F450010C340 /* Realm.framework */ = {isa = PBXFileReference; explicitFileType = wrapper.framework; path = Realm.framework; sourceTree = BUILT_PRODUCTS_DIR; };
		20BFA63224098F540010C340 /* Realm.framework */ = {isa = PBXFileReference; explicitFileType = wrapper.framework; path = Realm.framework; sourceTree = BUILT_PRODUCTS_DIR; };
		20BFA63624098F580010C340 /* RealmSwift.framework */ = {isa = PBXFileReference; explicitFileType = wrapper.framework; path = RealmSwift.framework; sourceTree = BUILT_PRODUCTS_DIR; };
		20D926E02407EAB6009DDA21 /* CarDetailsViewController.swift */ = {isa = PBXFileReference; lastKnownFileType = sourcecode.swift; path = CarDetailsViewController.swift; sourceTree = "<group>"; };
		20F635DC2407C526002278F3 /* CarDirectory.app */ = {isa = PBXFileReference; explicitFileType = wrapper.application; includeInIndex = 0; path = CarDirectory.app; sourceTree = BUILT_PRODUCTS_DIR; };
		20F635DF2407C526002278F3 /* AppDelegate.swift */ = {isa = PBXFileReference; lastKnownFileType = sourcecode.swift; path = AppDelegate.swift; sourceTree = "<group>"; };
		20F635E32407C526002278F3 /* CarRecordsViewController.swift */ = {isa = PBXFileReference; lastKnownFileType = sourcecode.swift; path = CarRecordsViewController.swift; sourceTree = "<group>"; };
		20F635E62407C526002278F3 /* Base */ = {isa = PBXFileReference; lastKnownFileType = file.storyboard; name = Base; path = Base.lproj/Main.storyboard; sourceTree = "<group>"; };
		20F635EB2407C527002278F3 /* Assets.xcassets */ = {isa = PBXFileReference; lastKnownFileType = folder.assetcatalog; path = Assets.xcassets; sourceTree = "<group>"; };
		20F635EE2407C527002278F3 /* Base */ = {isa = PBXFileReference; lastKnownFileType = file.storyboard; name = Base; path = Base.lproj/LaunchScreen.storyboard; sourceTree = "<group>"; };
		20F635F02407C527002278F3 /* Info.plist */ = {isa = PBXFileReference; lastKnownFileType = text.plist.xml; path = Info.plist; sourceTree = "<group>"; };
		20F635F82407D319002278F3 /* CarCell.swift */ = {isa = PBXFileReference; lastKnownFileType = sourcecode.swift; path = CarCell.swift; sourceTree = "<group>"; };
		31DB176C761FEAEAF288C6BB /* Pods_CarDirectory.framework */ = {isa = PBXFileReference; explicitFileType = wrapper.framework; includeInIndex = 0; path = Pods_CarDirectory.framework; sourceTree = BUILT_PRODUCTS_DIR; };
		6743174E2390954097F205A7 /* Pods-CarDirectory.debug.xcconfig */ = {isa = PBXFileReference; includeInIndex = 1; lastKnownFileType = text.xcconfig; name = "Pods-CarDirectory.debug.xcconfig"; path = "Target Support Files/Pods-CarDirectory/Pods-CarDirectory.debug.xcconfig"; sourceTree = "<group>"; };
		CBFBCB6B25708FEC3B6260DB /* Pods-CarDirectory.release.xcconfig */ = {isa = PBXFileReference; includeInIndex = 1; lastKnownFileType = text.xcconfig; name = "Pods-CarDirectory.release.xcconfig"; path = "Target Support Files/Pods-CarDirectory/Pods-CarDirectory.release.xcconfig"; sourceTree = "<group>"; };
/* End PBXFileReference section */

/* Begin PBXFrameworksBuildPhase section */
		20F635D92407C526002278F3 /* Frameworks */ = {
			isa = PBXFrameworksBuildPhase;
			buildActionMask = 2147483647;
			files = (
				206CF8EA2409903F004F7CCB /* Pods_CarDirectory.framework in Frameworks */,
			);
			runOnlyForDeploymentPostprocessing = 0;
		};
/* End PBXFrameworksBuildPhase section */

/* Begin PBXGroup section */
		20801113240D5E5500BCD4E4 /* Extensions */ = {
			isa = PBXGroup;
			children = (
				206D4356240BEA6900B343A4 /* UITextField + Validation.swift */,
				20801114240D5E6D00BCD4E4 /* UIViewControllerExtensions.swift */,
			);
			path = Extensions;
			sourceTree = "<group>";
		};
		20901291240813E8003B0F89 /* View */ = {
			isa = PBXGroup;
			children = (
				20F635F82407D319002278F3 /* CarCell.swift */,
			);
			path = View;
			sourceTree = "<group>";
		};
		20901292240813F5003B0F89 /* Model */ = {
			isa = PBXGroup;
			children = (
				2090128B24080279003B0F89 /* CarRecord.swift */,
			);
			path = Model;
			sourceTree = "<group>";
		};
		209012932408140A003B0F89 /* Persistance */ = {
			isa = PBXGroup;
			children = (
				2090128D24080381003B0F89 /* DataBase.swift */,
			);
			path = Persistance;
			sourceTree = "<group>";
		};
		209012942408141D003B0F89 /* Controller */ = {
			isa = PBXGroup;
			children = (
				20F635E32407C526002278F3 /* CarRecordsViewController.swift */,
				20D926E02407EAB6009DDA21 /* CarDetailsViewController.swift */,
			);
			path = Controller;
			sourceTree = "<group>";
		};
		209012952408148A003B0F89 /* Resources */ = {
			isa = PBXGroup;
			children = (
				20F635EB2407C527002278F3 /* Assets.xcassets */,
				20F635E52407C526002278F3 /* Main.storyboard */,
				20F635ED2407C527002278F3 /* LaunchScreen.storyboard */,
			);
			path = Resources;
			sourceTree = "<group>";
		};
		20F635D32407C526002278F3 = {
			isa = PBXGroup;
			children = (
				20801113240D5E5500BCD4E4 /* Extensions */,
				20F635DE2407C526002278F3 /* CarDirectory */,
				209012942408141D003B0F89 /* Controller */,
				20901292240813F5003B0F89 /* Model */,
				209012932408140A003B0F89 /* Persistance */,
				20901291240813E8003B0F89 /* View */,
				209012952408148A003B0F89 /* Resources */,
				20F635DD2407C526002278F3 /* Products */,
				6FF9910E76A22E26A49DB3D7 /* Frameworks */,
				E78F44A0AD82D62D3FB42354 /* Pods */,
			);
			sourceTree = "<group>";
		};
		20F635DD2407C526002278F3 /* Products */ = {
			isa = PBXGroup;
			children = (
				20F635DC2407C526002278F3 /* CarDirectory.app */,
			);
			name = Products;
			sourceTree = "<group>";
		};
		20F635DE2407C526002278F3 /* CarDirectory */ = {
			isa = PBXGroup;
			children = (
				20F635DF2407C526002278F3 /* AppDelegate.swift */,
				20F635F02407C527002278F3 /* Info.plist */,
			);
			path = CarDirectory;
			sourceTree = "<group>";
		};
		6FF9910E76A22E26A49DB3D7 /* Frameworks */ = {
			isa = PBXGroup;
			children = (
				20BFA63624098F580010C340 /* RealmSwift.framework */,
				20BFA63224098F540010C340 /* Realm.framework */,
				20BFA62E24098F450010C340 /* Realm.framework */,
				20BFA62B24098E970010C340 /* RealmSwift.framework */,
				20BFA62724098E950010C340 /* Realm.framework */,
				31DB176C761FEAEAF288C6BB /* Pods_CarDirectory.framework */,
			);
			name = Frameworks;
			sourceTree = "<group>";
		};
		E78F44A0AD82D62D3FB42354 /* Pods */ = {
			isa = PBXGroup;
			children = (
				6743174E2390954097F205A7 /* Pods-CarDirectory.debug.xcconfig */,
				CBFBCB6B25708FEC3B6260DB /* Pods-CarDirectory.release.xcconfig */,
			);
			path = Pods;
			sourceTree = "<group>";
		};
/* End PBXGroup section */

/* Begin PBXNativeTarget section */
		20F635DB2407C526002278F3 /* CarDirectory */ = {
			isa = PBXNativeTarget;
			buildConfigurationList = 20F635F32407C527002278F3 /* Build configuration list for PBXNativeTarget "CarDirectory" */;
			buildPhases = (
				04CEEBAC2D5EC1392D7AA0B1 /* [CP] Check Pods Manifest.lock */,
				20F635D82407C526002278F3 /* Sources */,
				20F635D92407C526002278F3 /* Frameworks */,
				20F635DA2407C526002278F3 /* Resources */,
				20BFA63524098F540010C340 /* Embed Frameworks */,
				D787095D14FFE8EA8393E0DC /* [CP] Embed Pods Frameworks */,
			);
			buildRules = (
			);
			dependencies = (
			);
			name = CarDirectory;
			productName = CarDirectory;
			productReference = 20F635DC2407C526002278F3 /* CarDirectory.app */;
			productType = "com.apple.product-type.application";
		};
/* End PBXNativeTarget section */

/* Begin PBXProject section */
		20F635D42407C526002278F3 /* Project object */ = {
			isa = PBXProject;
			attributes = {
				LastSwiftUpdateCheck = 1110;
				LastUpgradeCheck = 1110;
				ORGANIZATIONNAME = "Alexander Team";
				TargetAttributes = {
					20F635DB2407C526002278F3 = {
						CreatedOnToolsVersion = 11.1;
					};
				};
			};
			buildConfigurationList = 20F635D72407C526002278F3 /* Build configuration list for PBXProject "CarDirectory" */;
			compatibilityVersion = "Xcode 9.3";
			developmentRegion = en;
			hasScannedForEncodings = 0;
			knownRegions = (
				en,
				Base,
			);
			mainGroup = 20F635D32407C526002278F3;
			productRefGroup = 20F635DD2407C526002278F3 /* Products */;
			projectDirPath = "";
			projectRoot = "";
			targets = (
				20F635DB2407C526002278F3 /* CarDirectory */,
			);
		};
/* End PBXProject section */

/* Begin PBXResourcesBuildPhase section */
		20F635DA2407C526002278F3 /* Resources */ = {
			isa = PBXResourcesBuildPhase;
			buildActionMask = 2147483647;
			files = (
				20F635EF2407C527002278F3 /* LaunchScreen.storyboard in Resources */,
				20F635EC2407C527002278F3 /* Assets.xcassets in Resources */,
				20F635E72407C526002278F3 /* Main.storyboard in Resources */,
			);
			runOnlyForDeploymentPostprocessing = 0;
		};
/* End PBXResourcesBuildPhase section */

/* Begin PBXShellScriptBuildPhase section */
		04CEEBAC2D5EC1392D7AA0B1 /* [CP] Check Pods Manifest.lock */ = {
			isa = PBXShellScriptBuildPhase;
			buildActionMask = 2147483647;
			files = (
			);
			inputFileListPaths = (
			);
			inputPaths = (
				"${PODS_PODFILE_DIR_PATH}/Podfile.lock",
				"${PODS_ROOT}/Manifest.lock",
			);
			name = "[CP] Check Pods Manifest.lock";
			outputFileListPaths = (
			);
			outputPaths = (
				"$(DERIVED_FILE_DIR)/Pods-CarDirectory-checkManifestLockResult.txt",
			);
			runOnlyForDeploymentPostprocessing = 0;
			shellPath = /bin/sh;
			shellScript = "diff \"${PODS_PODFILE_DIR_PATH}/Podfile.lock\" \"${PODS_ROOT}/Manifest.lock\" > /dev/null\nif [ $? != 0 ] ; then\n    # print error to STDERR\n    echo \"error: The sandbox is not in sync with the Podfile.lock. Run 'pod install' or update your CocoaPods installation.\" >&2\n    exit 1\nfi\n# This output is used by Xcode 'outputs' to avoid re-running this script phase.\necho \"SUCCESS\" > \"${SCRIPT_OUTPUT_FILE_0}\"\n";
			showEnvVarsInLog = 0;
		};
		D787095D14FFE8EA8393E0DC /* [CP] Embed Pods Frameworks */ = {
			isa = PBXShellScriptBuildPhase;
			buildActionMask = 2147483647;
			files = (
			);
			inputFileListPaths = (
				"${PODS_ROOT}/Target Support Files/Pods-CarDirectory/Pods-CarDirectory-frameworks-${CONFIGURATION}-input-files.xcfilelist",
			);
			name = "[CP] Embed Pods Frameworks";
			outputFileListPaths = (
				"${PODS_ROOT}/Target Support Files/Pods-CarDirectory/Pods-CarDirectory-frameworks-${CONFIGURATION}-output-files.xcfilelist",
			);
			runOnlyForDeploymentPostprocessing = 0;
			shellPath = /bin/sh;
			shellScript = "\"${PODS_ROOT}/Target Support Files/Pods-CarDirectory/Pods-CarDirectory-frameworks.sh\"\n";
			showEnvVarsInLog = 0;
		};
/* End PBXShellScriptBuildPhase section */

/* Begin PBXSourcesBuildPhase section */
		20F635D82407C526002278F3 /* Sources */ = {
			isa = PBXSourcesBuildPhase;
			buildActionMask = 2147483647;
			files = (
				20801115240D5E6D00BCD4E4 /* UIViewControllerExtensions.swift in Sources */,
				20F635F92407D319002278F3 /* CarCell.swift in Sources */,
				20D926E12407EAB6009DDA21 /* CarDetailsViewController.swift in Sources */,
				2090128C24080279003B0F89 /* CarRecord.swift in Sources */,
				2090128E24080381003B0F89 /* DataBase.swift in Sources */,
				20F635E42407C526002278F3 /* CarRecordsViewController.swift in Sources */,
				20F635E02407C526002278F3 /* AppDelegate.swift in Sources */,
				206D4357240BEA6900B343A4 /* UITextField + Validation.swift in Sources */,
			);
			runOnlyForDeploymentPostprocessing = 0;
		};
/* End PBXSourcesBuildPhase section */

/* Begin PBXVariantGroup section */
		20F635E52407C526002278F3 /* Main.storyboard */ = {
			isa = PBXVariantGroup;
			children = (
				20F635E62407C526002278F3 /* Base */,
			);
			name = Main.storyboard;
			sourceTree = "<group>";
		};
		20F635ED2407C527002278F3 /* LaunchScreen.storyboard */ = {
			isa = PBXVariantGroup;
			children = (
				20F635EE2407C527002278F3 /* Base */,
			);
			name = LaunchScreen.storyboard;
			sourceTree = "<group>";
		};
/* End PBXVariantGroup section */

/* Begin XCBuildConfiguration section */
		20F635F12407C527002278F3 /* Debug */ = {
			isa = XCBuildConfiguration;
			buildSettings = {
				ALWAYS_SEARCH_USER_PATHS = NO;
				CLANG_ANALYZER_NONNULL = YES;
				CLANG_ANALYZER_NUMBER_OBJECT_CONVERSION = YES_AGGRESSIVE;
				CLANG_CXX_LANGUAGE_STANDARD = "gnu++14";
				CLANG_CXX_LIBRARY = "libc++";
				CLANG_ENABLE_MODULES = YES;
				CLANG_ENABLE_OBJC_ARC = YES;
				CLANG_ENABLE_OBJC_WEAK = YES;
				CLANG_WARN_BLOCK_CAPTURE_AUTORELEASING = YES;
				CLANG_WARN_BOOL_CONVERSION = YES;
				CLANG_WARN_COMMA = YES;
				CLANG_WARN_CONSTANT_CONVERSION = YES;
				CLANG_WARN_DEPRECATED_OBJC_IMPLEMENTATIONS = YES;
				CLANG_WARN_DIRECT_OBJC_ISA_USAGE = YES_ERROR;
				CLANG_WARN_DOCUMENTATION_COMMENTS = YES;
				CLANG_WARN_EMPTY_BODY = YES;
				CLANG_WARN_ENUM_CONVERSION = YES;
				CLANG_WARN_INFINITE_RECURSION = YES;
				CLANG_WARN_INT_CONVERSION = YES;
				CLANG_WARN_NON_LITERAL_NULL_CONVERSION = YES;
				CLANG_WARN_OBJC_IMPLICIT_RETAIN_SELF = YES;
				CLANG_WARN_OBJC_LITERAL_CONVERSION = YES;
				CLANG_WARN_OBJC_ROOT_CLASS = YES_ERROR;
				CLANG_WARN_RANGE_LOOP_ANALYSIS = YES;
				CLANG_WARN_STRICT_PROTOTYPES = YES;
				CLANG_WARN_SUSPICIOUS_MOVE = YES;
				CLANG_WARN_UNGUARDED_AVAILABILITY = YES_AGGRESSIVE;
				CLANG_WARN_UNREACHABLE_CODE = YES;
				CLANG_WARN__DUPLICATE_METHOD_MATCH = YES;
				COPY_PHASE_STRIP = NO;
				DEBUG_INFORMATION_FORMAT = dwarf;
				ENABLE_STRICT_OBJC_MSGSEND = YES;
				ENABLE_TESTABILITY = YES;
				GCC_C_LANGUAGE_STANDARD = gnu11;
				GCC_DYNAMIC_NO_PIC = NO;
				GCC_NO_COMMON_BLOCKS = YES;
				GCC_OPTIMIZATION_LEVEL = 0;
				GCC_PREPROCESSOR_DEFINITIONS = (
					"DEBUG=1",
					"$(inherited)",
				);
				GCC_WARN_64_TO_32_BIT_CONVERSION = YES;
				GCC_WARN_ABOUT_RETURN_TYPE = YES_ERROR;
				GCC_WARN_UNDECLARED_SELECTOR = YES;
				GCC_WARN_UNINITIALIZED_AUTOS = YES_AGGRESSIVE;
				GCC_WARN_UNUSED_FUNCTION = YES;
				GCC_WARN_UNUSED_VARIABLE = YES;
				IPHONEOS_DEPLOYMENT_TARGET = 13.1;
				MTL_ENABLE_DEBUG_INFO = INCLUDE_SOURCE;
				MTL_FAST_MATH = YES;
				ONLY_ACTIVE_ARCH = YES;
				SDKROOT = iphoneos;
				SWIFT_ACTIVE_COMPILATION_CONDITIONS = DEBUG;
				SWIFT_OPTIMIZATION_LEVEL = "-Onone";
			};
			name = Debug;
		};
		20F635F22407C527002278F3 /* Release */ = {
			isa = XCBuildConfiguration;
			buildSettings = {
				ALWAYS_SEARCH_USER_PATHS = NO;
				CLANG_ANALYZER_NONNULL = YES;
				CLANG_ANALYZER_NUMBER_OBJECT_CONVERSION = YES_AGGRESSIVE;
				CLANG_CXX_LANGUAGE_STANDARD = "gnu++14";
				CLANG_CXX_LIBRARY = "libc++";
				CLANG_ENABLE_MODULES = YES;
				CLANG_ENABLE_OBJC_ARC = YES;
				CLANG_ENABLE_OBJC_WEAK = YES;
				CLANG_WARN_BLOCK_CAPTURE_AUTORELEASING = YES;
				CLANG_WARN_BOOL_CONVERSION = YES;
				CLANG_WARN_COMMA = YES;
				CLANG_WARN_CONSTANT_CONVERSION = YES;
				CLANG_WARN_DEPRECATED_OBJC_IMPLEMENTATIONS = YES;
				CLANG_WARN_DIRECT_OBJC_ISA_USAGE = YES_ERROR;
				CLANG_WARN_DOCUMENTATION_COMMENTS = YES;
				CLANG_WARN_EMPTY_BODY = YES;
				CLANG_WARN_ENUM_CONVERSION = YES;
				CLANG_WARN_INFINITE_RECURSION = YES;
				CLANG_WARN_INT_CONVERSION = YES;
				CLANG_WARN_NON_LITERAL_NULL_CONVERSION = YES;
				CLANG_WARN_OBJC_IMPLICIT_RETAIN_SELF = YES;
				CLANG_WARN_OBJC_LITERAL_CONVERSION = YES;
				CLANG_WARN_OBJC_ROOT_CLASS = YES_ERROR;
				CLANG_WARN_RANGE_LOOP_ANALYSIS = YES;
				CLANG_WARN_STRICT_PROTOTYPES = YES;
				CLANG_WARN_SUSPICIOUS_MOVE = YES;
				CLANG_WARN_UNGUARDED_AVAILABILITY = YES_AGGRESSIVE;
				CLANG_WARN_UNREACHABLE_CODE = YES;
				CLANG_WARN__DUPLICATE_METHOD_MATCH = YES;
				COPY_PHASE_STRIP = NO;
				DEBUG_INFORMATION_FORMAT = "dwarf-with-dsym";
				ENABLE_NS_ASSERTIONS = NO;
				ENABLE_STRICT_OBJC_MSGSEND = YES;
				GCC_C_LANGUAGE_STANDARD = gnu11;
				GCC_NO_COMMON_BLOCKS = YES;
				GCC_WARN_64_TO_32_BIT_CONVERSION = YES;
				GCC_WARN_ABOUT_RETURN_TYPE = YES_ERROR;
				GCC_WARN_UNDECLARED_SELECTOR = YES;
				GCC_WARN_UNINITIALIZED_AUTOS = YES_AGGRESSIVE;
				GCC_WARN_UNUSED_FUNCTION = YES;
				GCC_WARN_UNUSED_VARIABLE = YES;
				IPHONEOS_DEPLOYMENT_TARGET = 13.1;
				MTL_ENABLE_DEBUG_INFO = NO;
				MTL_FAST_MATH = YES;
				SDKROOT = iphoneos;
				SWIFT_COMPILATION_MODE = wholemodule;
				SWIFT_OPTIMIZATION_LEVEL = "-O";
				VALIDATE_PRODUCT = YES;
			};
			name = Release;
		};
		20F635F42407C527002278F3 /* Debug */ = {
			isa = XCBuildConfiguration;
			baseConfigurationReference = 6743174E2390954097F205A7 /* Pods-CarDirectory.debug.xcconfig */;
			buildSettings = {
				ASSETCATALOG_COMPILER_APPICON_NAME = AppIcon;
				CODE_SIGN_STYLE = Automatic;
				DEVELOPMENT_TEAM = E8W748977J;
				INFOPLIST_FILE = CarDirectory/Info.plist;
				LD_RUNPATH_SEARCH_PATHS = (
					"$(inherited)",
					"@executable_path/Frameworks",
				);
				PRODUCT_BUNDLE_IDENTIFIER = com.esuba.CarDirectory;
				PRODUCT_NAME = "$(TARGET_NAME)";
				SWIFT_VERSION = 5.0;
				TARGETED_DEVICE_FAMILY = 1;
			};
			name = Debug;
		};
		20F635F52407C527002278F3 /* Release */ = {
			isa = XCBuildConfiguration;
			baseConfigurationReference = CBFBCB6B25708FEC3B6260DB /* Pods-CarDirectory.release.xcconfig */;
			buildSettings = {
				ASSETCATALOG_COMPILER_APPICON_NAME = AppIcon;
				CODE_SIGN_STYLE = Automatic;
				DEVELOPMENT_TEAM = E8W748977J;
				INFOPLIST_FILE = CarDirectory/Info.plist;
				LD_RUNPATH_SEARCH_PATHS = (
					"$(inherited)",
					"@executable_path/Frameworks",
				);
				PRODUCT_BUNDLE_IDENTIFIER = com.esuba.CarDirectory;
				PRODUCT_NAME = "$(TARGET_NAME)";
				SWIFT_VERSION = 5.0;
				TARGETED_DEVICE_FAMILY = 1;
			};
			name = Release;
		};
/* End XCBuildConfiguration section */

/* Begin XCConfigurationList section */
		20F635D72407C526002278F3 /* Build configuration list for PBXProject "CarDirectory" */ = {
			isa = XCConfigurationList;
			buildConfigurations = (
				20F635F12407C527002278F3 /* Debug */,
				20F635F22407C527002278F3 /* Release */,
			);
			defaultConfigurationIsVisible = 0;
			defaultConfigurationName = Release;
		};
		20F635F32407C527002278F3 /* Build configuration list for PBXNativeTarget "CarDirectory" */ = {
			isa = XCConfigurationList;
			buildConfigurations = (
				20F635F42407C527002278F3 /* Debug */,
				20F635F52407C527002278F3 /* Release */,
			);
			defaultConfigurationIsVisible = 0;
			defaultConfigurationName = Release;
		};
/* End XCConfigurationList section */
	};
	rootObject = 20F635D42407C526002278F3 /* Project object */;
}
